// !$*UTF8*$!
{
	archiveVersion = 1;
	classes = {
	};
	objectVersion = 50;
	objects = {

/* Begin PBXBuildFile section */
		512B193023E1CB5700B0F803 /* Core.framework in Frameworks */ = {isa = PBXBuildFile; fileRef = 512B192F23E1CB5700B0F803 /* Core.framework */; };
		512B193123E1CB5700B0F803 /* Core.framework in Embed Frameworks */ = {isa = PBXBuildFile; fileRef = 512B192F23E1CB5700B0F803 /* Core.framework */; settings = {ATTRIBUTES = (CodeSignOnCopy, RemoveHeadersOnCopy, ); }; };
		5180291623E0866F00AC0162 /* Development.xcconfig in Resources */ = {isa = PBXBuildFile; fileRef = 5180291523E0866F00AC0162 /* Development.xcconfig */; };
		5180291823E0868100AC0162 /* Debug.xcconfig in Resources */ = {isa = PBXBuildFile; fileRef = 5180291723E0868100AC0162 /* Debug.xcconfig */; };
		5180291A23E0868F00AC0162 /* Release.xcconfig in Resources */ = {isa = PBXBuildFile; fileRef = 5180291923E0868F00AC0162 /* Release.xcconfig */; };
		5180292023E0A02B00AC0162 /* Environment.swift in Sources */ = {isa = PBXBuildFile; fileRef = 5180291F23E0A02B00AC0162 /* Environment.swift */; };
		518722ED23D0B11000BE5E4D /* AppDelegate.swift in Sources */ = {isa = PBXBuildFile; fileRef = 518722EC23D0B11000BE5E4D /* AppDelegate.swift */; };
		518722EF23D0B11000BE5E4D /* SceneDelegate.swift in Sources */ = {isa = PBXBuildFile; fileRef = 518722EE23D0B11000BE5E4D /* SceneDelegate.swift */; };
		518722F123D0B11000BE5E4D /* ViewController.swift in Sources */ = {isa = PBXBuildFile; fileRef = 518722F023D0B11000BE5E4D /* ViewController.swift */; };
		518722F423D0B11000BE5E4D /* Main.storyboard in Resources */ = {isa = PBXBuildFile; fileRef = 518722F223D0B11000BE5E4D /* Main.storyboard */; };
		518722F623D0B11100BE5E4D /* Assets.xcassets in Resources */ = {isa = PBXBuildFile; fileRef = 518722F523D0B11100BE5E4D /* Assets.xcassets */; };
		518722F923D0B11100BE5E4D /* LaunchScreen.storyboard in Resources */ = {isa = PBXBuildFile; fileRef = 518722F723D0B11100BE5E4D /* LaunchScreen.storyboard */; };
		5187230423D0B11100BE5E4D /* DemoTests.swift in Sources */ = {isa = PBXBuildFile; fileRef = 5187230323D0B11100BE5E4D /* DemoTests.swift */; };
		C0D9E6C9447163549B36FCDA /* libPods-Demo.a in Frameworks */ = {isa = PBXBuildFile; fileRef = AD41C24975ABBA352BBC2B87 /* libPods-Demo.a */; };
/* End PBXBuildFile section */

/* Begin PBXContainerItemProxy section */
		5187230023D0B11100BE5E4D /* PBXContainerItemProxy */ = {
			isa = PBXContainerItemProxy;
			containerPortal = 518722E123D0B11000BE5E4D /* Project object */;
			proxyType = 1;
			remoteGlobalIDString = 518722E823D0B11000BE5E4D;
			remoteInfo = Demo;
		};
/* End PBXContainerItemProxy section */

/* Begin PBXCopyFilesBuildPhase section */
		512B193223E1CB5700B0F803 /* Embed Frameworks */ = {
			isa = PBXCopyFilesBuildPhase;
			buildActionMask = 2147483647;
			dstPath = "";
			dstSubfolderSpec = 10;
			files = (
				512B193123E1CB5700B0F803 /* Core.framework in Embed Frameworks */,
			);
			name = "Embed Frameworks";
			runOnlyForDeploymentPostprocessing = 0;
		};
/* End PBXCopyFilesBuildPhase section */

/* Begin PBXFileReference section */
		3DF38215CF65D168E02FA57A /* Pods-Demo.release.xcconfig */ = {isa = PBXFileReference; includeInIndex = 1; lastKnownFileType = text.xcconfig; name = "Pods-Demo.release.xcconfig"; path = "Target Support Files/Pods-Demo/Pods-Demo.release.xcconfig"; sourceTree = "<group>"; };
		512B192F23E1CB5700B0F803 /* Core.framework */ = {isa = PBXFileReference; explicitFileType = wrapper.framework; path = Core.framework; sourceTree = BUILT_PRODUCTS_DIR; };
		5180291523E0866F00AC0162 /* Development.xcconfig */ = {isa = PBXFileReference; lastKnownFileType = text.xcconfig; path = Development.xcconfig; sourceTree = "<group>"; };
		5180291723E0868100AC0162 /* Debug.xcconfig */ = {isa = PBXFileReference; lastKnownFileType = text.xcconfig; path = Debug.xcconfig; sourceTree = "<group>"; };
		5180291923E0868F00AC0162 /* Release.xcconfig */ = {isa = PBXFileReference; lastKnownFileType = text.xcconfig; path = Release.xcconfig; sourceTree = "<group>"; };
		5180291F23E0A02B00AC0162 /* Environment.swift */ = {isa = PBXFileReference; lastKnownFileType = sourcecode.swift; path = Environment.swift; sourceTree = "<group>"; };
		518722E923D0B11000BE5E4D /* Demo.app */ = {isa = PBXFileReference; explicitFileType = wrapper.application; includeInIndex = 0; path = Demo.app; sourceTree = BUILT_PRODUCTS_DIR; };
		518722EC23D0B11000BE5E4D /* AppDelegate.swift */ = {isa = PBXFileReference; lastKnownFileType = sourcecode.swift; path = AppDelegate.swift; sourceTree = "<group>"; };
		518722EE23D0B11000BE5E4D /* SceneDelegate.swift */ = {isa = PBXFileReference; lastKnownFileType = sourcecode.swift; path = SceneDelegate.swift; sourceTree = "<group>"; };
		518722F023D0B11000BE5E4D /* ViewController.swift */ = {isa = PBXFileReference; lastKnownFileType = sourcecode.swift; path = ViewController.swift; sourceTree = "<group>"; };
		518722F323D0B11000BE5E4D /* Base */ = {isa = PBXFileReference; lastKnownFileType = file.storyboard; name = Base; path = Base.lproj/Main.storyboard; sourceTree = "<group>"; };
		518722F523D0B11100BE5E4D /* Assets.xcassets */ = {isa = PBXFileReference; lastKnownFileType = folder.assetcatalog; path = Assets.xcassets; sourceTree = "<group>"; };
		518722F823D0B11100BE5E4D /* Base */ = {isa = PBXFileReference; lastKnownFileType = file.storyboard; name = Base; path = Base.lproj/LaunchScreen.storyboard; sourceTree = "<group>"; };
		518722FA23D0B11100BE5E4D /* Info.plist */ = {isa = PBXFileReference; lastKnownFileType = text.plist.xml; path = Info.plist; sourceTree = "<group>"; };
		518722FF23D0B11100BE5E4D /* DemoTests.xctest */ = {isa = PBXFileReference; explicitFileType = wrapper.cfbundle; includeInIndex = 0; path = DemoTests.xctest; sourceTree = BUILT_PRODUCTS_DIR; };
		5187230323D0B11100BE5E4D /* DemoTests.swift */ = {isa = PBXFileReference; lastKnownFileType = sourcecode.swift; path = DemoTests.swift; sourceTree = "<group>"; };
		5187230523D0B11100BE5E4D /* Info.plist */ = {isa = PBXFileReference; lastKnownFileType = text.plist.xml; path = Info.plist; sourceTree = "<group>"; };
		86C0A951A64EAE27B89CDAC5 /* Pods-Demo.development.xcconfig */ = {isa = PBXFileReference; includeInIndex = 1; lastKnownFileType = text.xcconfig; name = "Pods-Demo.development.xcconfig"; path = "Target Support Files/Pods-Demo/Pods-Demo.development.xcconfig"; sourceTree = "<group>"; };
		A06988A42CC1BA8606F55499 /* Pods-Demo.debug.xcconfig */ = {isa = PBXFileReference; includeInIndex = 1; lastKnownFileType = text.xcconfig; name = "Pods-Demo.debug.xcconfig"; path = "Target Support Files/Pods-Demo/Pods-Demo.debug.xcconfig"; sourceTree = "<group>"; };
		AD41C24975ABBA352BBC2B87 /* libPods-Demo.a */ = {isa = PBXFileReference; explicitFileType = archive.ar; includeInIndex = 0; path = "libPods-Demo.a"; sourceTree = BUILT_PRODUCTS_DIR; };
/* End PBXFileReference section */

/* Begin PBXFrameworksBuildPhase section */
		518722E623D0B11000BE5E4D /* Frameworks */ = {
			isa = PBXFrameworksBuildPhase;
			buildActionMask = 2147483647;
			files = (
				C0D9E6C9447163549B36FCDA /* libPods-Demo.a in Frameworks */,
				512B193023E1CB5700B0F803 /* Core.framework in Frameworks */,
			);
			runOnlyForDeploymentPostprocessing = 0;
		};
		518722FC23D0B11100BE5E4D /* Frameworks */ = {
			isa = PBXFrameworksBuildPhase;
			buildActionMask = 2147483647;
			files = (
			);
			runOnlyForDeploymentPostprocessing = 0;
		};
/* End PBXFrameworksBuildPhase section */

/* Begin PBXGroup section */
		1DE56D8062E519C7413FEE0A /* Frameworks */ = {
			isa = PBXGroup;
			children = (
				512B192F23E1CB5700B0F803 /* Core.framework */,
				AD41C24975ABBA352BBC2B87 /* libPods-Demo.a */,
			);
			name = Frameworks;
			sourceTree = "<group>";
		};
		5180291B23E0869400AC0162 /* Config */ = {
			isa = PBXGroup;
			children = (
				5180291923E0868F00AC0162 /* Release.xcconfig */,
				5180291523E0866F00AC0162 /* Development.xcconfig */,
				5180291723E0868100AC0162 /* Debug.xcconfig */,
			);
			path = Config;
			sourceTree = "<group>";
		};
		518722E023D0B11000BE5E4D = {
			isa = PBXGroup;
			children = (
				518722EB23D0B11000BE5E4D /* Demo */,
				5187230223D0B11100BE5E4D /* DemoTests */,
				518722EA23D0B11000BE5E4D /* Products */,
				1DE56D8062E519C7413FEE0A /* Frameworks */,
				F7463845B854431EED9C79AA /* Pods */,
			);
			sourceTree = "<group>";
		};
		518722EA23D0B11000BE5E4D /* Products */ = {
			isa = PBXGroup;
			children = (
				518722E923D0B11000BE5E4D /* Demo.app */,
				518722FF23D0B11100BE5E4D /* DemoTests.xctest */,
			);
			name = Products;
			sourceTree = "<group>";
		};
		518722EB23D0B11000BE5E4D /* Demo */ = {
			isa = PBXGroup;
			children = (
				518722EC23D0B11000BE5E4D /* AppDelegate.swift */,
				518722EE23D0B11000BE5E4D /* SceneDelegate.swift */,
				518722F023D0B11000BE5E4D /* ViewController.swift */,
				518722F223D0B11000BE5E4D /* Main.storyboard */,
				518722F523D0B11100BE5E4D /* Assets.xcassets */,
				518722F723D0B11100BE5E4D /* LaunchScreen.storyboard */,
				518722FA23D0B11100BE5E4D /* Info.plist */,
				5180291B23E0869400AC0162 /* Config */,
				5180291F23E0A02B00AC0162 /* Environment.swift */,
			);
			path = Demo;
			sourceTree = "<group>";
		};
		5187230223D0B11100BE5E4D /* DemoTests */ = {
			isa = PBXGroup;
			children = (
				5187230323D0B11100BE5E4D /* DemoTests.swift */,
				5187230523D0B11100BE5E4D /* Info.plist */,
			);
			path = DemoTests;
			sourceTree = "<group>";
		};
		F7463845B854431EED9C79AA /* Pods */ = {
			isa = PBXGroup;
			children = (
				A06988A42CC1BA8606F55499 /* Pods-Demo.debug.xcconfig */,
				3DF38215CF65D168E02FA57A /* Pods-Demo.release.xcconfig */,
				86C0A951A64EAE27B89CDAC5 /* Pods-Demo.development.xcconfig */,
			);
			name = Pods;
			path = ../Pods;
			sourceTree = "<group>";
		};
/* End PBXGroup section */

/* Begin PBXNativeTarget section */
		518722E823D0B11000BE5E4D /* Demo */ = {
			isa = PBXNativeTarget;
			buildConfigurationList = 5187230823D0B11100BE5E4D /* Build configuration list for PBXNativeTarget "Demo" */;
			buildPhases = (
				B4D497EB03B663ABB68EF9D2 /* [CP] Check Pods Manifest.lock */,
				518722E523D0B11000BE5E4D /* Sources */,
				518722E623D0B11000BE5E4D /* Frameworks */,
				518722E723D0B11000BE5E4D /* Resources */,
				512B193223E1CB5700B0F803 /* Embed Frameworks */,
			);
			buildRules = (
			);
			dependencies = (
			);
			name = Demo;
			productName = Demo;
			productReference = 518722E923D0B11000BE5E4D /* Demo.app */;
			productType = "com.apple.product-type.application";
		};
		518722FE23D0B11100BE5E4D /* DemoTests */ = {
			isa = PBXNativeTarget;
			buildConfigurationList = 5187230B23D0B11100BE5E4D /* Build configuration list for PBXNativeTarget "DemoTests" */;
			buildPhases = (
				518722FB23D0B11100BE5E4D /* Sources */,
				518722FC23D0B11100BE5E4D /* Frameworks */,
				518722FD23D0B11100BE5E4D /* Resources */,
			);
			buildRules = (
			);
			dependencies = (
				5187230123D0B11100BE5E4D /* PBXTargetDependency */,
			);
			name = DemoTests;
			productName = DemoTests;
			productReference = 518722FF23D0B11100BE5E4D /* DemoTests.xctest */;
			productType = "com.apple.product-type.bundle.unit-test";
		};
/* End PBXNativeTarget section */

/* Begin PBXProject section */
		518722E123D0B11000BE5E4D /* Project object */ = {
			isa = PBXProject;
			attributes = {
				LastSwiftUpdateCheck = 1130;
				LastUpgradeCheck = 1130;
				ORGANIZATIONNAME = "Glauco Dantas Beserra ";
				TargetAttributes = {
					518722E823D0B11000BE5E4D = {
						CreatedOnToolsVersion = 11.3.1;
					};
					518722FE23D0B11100BE5E4D = {
						CreatedOnToolsVersion = 11.3.1;
						TestTargetID = 518722E823D0B11000BE5E4D;
					};
				};
			};
			buildConfigurationList = 518722E423D0B11000BE5E4D /* Build configuration list for PBXProject "Demo" */;
			compatibilityVersion = "Xcode 9.3";
			developmentRegion = en;
			hasScannedForEncodings = 0;
			knownRegions = (
				en,
				Base,
			);
			mainGroup = 518722E023D0B11000BE5E4D;
			productRefGroup = 518722EA23D0B11000BE5E4D /* Products */;
			projectDirPath = "";
			projectRoot = "";
			targets = (
				518722E823D0B11000BE5E4D /* Demo */,
				518722FE23D0B11100BE5E4D /* DemoTests */,
			);
		};
/* End PBXProject section */

/* Begin PBXResourcesBuildPhase section */
		518722E723D0B11000BE5E4D /* Resources */ = {
			isa = PBXResourcesBuildPhase;
			buildActionMask = 2147483647;
			files = (
				518722F923D0B11100BE5E4D /* LaunchScreen.storyboard in Resources */,
				518722F623D0B11100BE5E4D /* Assets.xcassets in Resources */,
				5180291A23E0868F00AC0162 /* Release.xcconfig in Resources */,
				5180291623E0866F00AC0162 /* Development.xcconfig in Resources */,
				5180291823E0868100AC0162 /* Debug.xcconfig in Resources */,
				518722F423D0B11000BE5E4D /* Main.storyboard in Resources */,
			);
			runOnlyForDeploymentPostprocessing = 0;
		};
		518722FD23D0B11100BE5E4D /* Resources */ = {
			isa = PBXResourcesBuildPhase;
			buildActionMask = 2147483647;
			files = (
			);
			runOnlyForDeploymentPostprocessing = 0;
		};
/* End PBXResourcesBuildPhase section */

/* Begin PBXShellScriptBuildPhase section */
		B4D497EB03B663ABB68EF9D2 /* [CP] Check Pods Manifest.lock */ = {
			isa = PBXShellScriptBuildPhase;
			buildActionMask = 2147483647;
			files = (
			);
			inputFileListPaths = (
			);
			inputPaths = (
				"${PODS_PODFILE_DIR_PATH}/Podfile.lock",
				"${PODS_ROOT}/Manifest.lock",
			);
			name = "[CP] Check Pods Manifest.lock";
			outputFileListPaths = (
			);
			outputPaths = (
				"$(DERIVED_FILE_DIR)/Pods-Demo-checkManifestLockResult.txt",
			);
			runOnlyForDeploymentPostprocessing = 0;
			shellPath = /bin/sh;
			shellScript = "diff \"${PODS_PODFILE_DIR_PATH}/Podfile.lock\" \"${PODS_ROOT}/Manifest.lock\" > /dev/null\nif [ $? != 0 ] ; then\n    # print error to STDERR\n    echo \"error: The sandbox is not in sync with the Podfile.lock. Run 'pod install' or update your CocoaPods installation.\" >&2\n    exit 1\nfi\n# This output is used by Xcode 'outputs' to avoid re-running this script phase.\necho \"SUCCESS\" > \"${SCRIPT_OUTPUT_FILE_0}\"\n";
			showEnvVarsInLog = 0;
		};
/* End PBXShellScriptBuildPhase section */

/* Begin PBXSourcesBuildPhase section */
		518722E523D0B11000BE5E4D /* Sources */ = {
			isa = PBXSourcesBuildPhase;
			buildActionMask = 2147483647;
			files = (
				518722F123D0B11000BE5E4D /* ViewController.swift in Sources */,
				5180292023E0A02B00AC0162 /* Environment.swift in Sources */,
				518722ED23D0B11000BE5E4D /* AppDelegate.swift in Sources */,
				518722EF23D0B11000BE5E4D /* SceneDelegate.swift in Sources */,
			);
			runOnlyForDeploymentPostprocessing = 0;
		};
		518722FB23D0B11100BE5E4D /* Sources */ = {
			isa = PBXSourcesBuildPhase;
			buildActionMask = 2147483647;
			files = (
				5187230423D0B11100BE5E4D /* DemoTests.swift in Sources */,
			);
			runOnlyForDeploymentPostprocessing = 0;
		};
/* End PBXSourcesBuildPhase section */

/* Begin PBXTargetDependency section */
		5187230123D0B11100BE5E4D /* PBXTargetDependency */ = {
			isa = PBXTargetDependency;
			target = 518722E823D0B11000BE5E4D /* Demo */;
			targetProxy = 5187230023D0B11100BE5E4D /* PBXContainerItemProxy */;
		};
/* End PBXTargetDependency section */

/* Begin PBXVariantGroup section */
		518722F223D0B11000BE5E4D /* Main.storyboard */ = {
			isa = PBXVariantGroup;
			children = (
				518722F323D0B11000BE5E4D /* Base */,
			);
			name = Main.storyboard;
			sourceTree = "<group>";
		};
		518722F723D0B11100BE5E4D /* LaunchScreen.storyboard */ = {
			isa = PBXVariantGroup;
			children = (
				518722F823D0B11100BE5E4D /* Base */,
			);
			name = LaunchScreen.storyboard;
			sourceTree = "<group>";
		};
/* End PBXVariantGroup section */

/* Begin XCBuildConfiguration section */
		5180291C23E086B800AC0162 /* Development */ = {
			isa = XCBuildConfiguration;
			baseConfigurationReference = 5180291523E0866F00AC0162 /* Development.xcconfig */;
			buildSettings = {
				ALWAYS_SEARCH_USER_PATHS = NO;
				CLANG_ANALYZER_NONNULL = YES;
				CLANG_ANALYZER_NUMBER_OBJECT_CONVERSION = YES_AGGRESSIVE;
				CLANG_CXX_LANGUAGE_STANDARD = "gnu++14";
				CLANG_CXX_LIBRARY = "libc++";
				CLANG_ENABLE_MODULES = YES;
				CLANG_ENABLE_OBJC_ARC = YES;
				CLANG_ENABLE_OBJC_WEAK = YES;
				CLANG_WARN_BLOCK_CAPTURE_AUTORELEASING = YES;
				CLANG_WARN_BOOL_CONVERSION = YES;
				CLANG_WARN_COMMA = YES;
				CLANG_WARN_CONSTANT_CONVERSION = YES;
				CLANG_WARN_DEPRECATED_OBJC_IMPLEMENTATIONS = YES;
				CLANG_WARN_DIRECT_OBJC_ISA_USAGE = YES_ERROR;
				CLANG_WARN_DOCUMENTATION_COMMENTS = YES;
				CLANG_WARN_EMPTY_BODY = YES;
				CLANG_WARN_ENUM_CONVERSION = YES;
				CLANG_WARN_INFINITE_RECURSION = YES;
				CLANG_WARN_INT_CONVERSION = YES;
				CLANG_WARN_NON_LITERAL_NULL_CONVERSION = YES;
				CLANG_WARN_OBJC_IMPLICIT_RETAIN_SELF = YES;
				CLANG_WARN_OBJC_LITERAL_CONVERSION = YES;
				CLANG_WARN_OBJC_ROOT_CLASS = YES_ERROR;
				CLANG_WARN_RANGE_LOOP_ANALYSIS = YES;
				CLANG_WARN_STRICT_PROTOTYPES = YES;
				CLANG_WARN_SUSPICIOUS_MOVE = YES;
				CLANG_WARN_UNGUARDED_AVAILABILITY = YES_AGGRESSIVE;
				CLANG_WARN_UNREACHABLE_CODE = YES;
				CLANG_WARN__DUPLICATE_METHOD_MATCH = YES;
				COPY_PHASE_STRIP = NO;
				DEBUG_INFORMATION_FORMAT = dwarf;
				ENABLE_STRICT_OBJC_MSGSEND = YES;
				ENABLE_TESTABILITY = YES;
				GCC_C_LANGUAGE_STANDARD = gnu11;
				GCC_DYNAMIC_NO_PIC = NO;
				GCC_NO_COMMON_BLOCKS = YES;
				GCC_OPTIMIZATION_LEVEL = 0;
				GCC_PREPROCESSOR_DEFINITIONS = (
					"DEBUG=1",
					"$(inherited)",
				);
				GCC_WARN_64_TO_32_BIT_CONVERSION = YES;
				GCC_WARN_ABOUT_RETURN_TYPE = YES_ERROR;
				GCC_WARN_UNDECLARED_SELECTOR = YES;
				GCC_WARN_UNINITIALIZED_AUTOS = YES_AGGRESSIVE;
				GCC_WARN_UNUSED_FUNCTION = YES;
				GCC_WARN_UNUSED_VARIABLE = YES;
				IPHONEOS_DEPLOYMENT_TARGET = 13.2;
				MTL_ENABLE_DEBUG_INFO = INCLUDE_SOURCE;
				MTL_FAST_MATH = YES;
				ONLY_ACTIVE_ARCH = YES;
				SDKROOT = iphoneos;
				SWIFT_ACTIVE_COMPILATION_CONDITIONS = DEBUG;
				SWIFT_OPTIMIZATION_LEVEL = "-Onone";
			};
			name = Development;
		};
		5180291D23E086B800AC0162 /* Development */ = {
			isa = XCBuildConfiguration;
			baseConfigurationReference = 5180291523E0866F00AC0162 /* Development.xcconfig */;
			buildSettings = {
				ASSETCATALOG_COMPILER_APPICON_NAME = AppIcon;
				CODE_SIGN_STYLE = Automatic;
				DEVELOPMENT_TEAM = EG955U3U64;
				INFOPLIST_FILE = Demo/Info.plist;
				IPHONEOS_DEPLOYMENT_TARGET = 11.0;
				LD_RUNPATH_SEARCH_PATHS = (
					"$(inherited)",
					"@executable_path/Frameworks",
				);
				PRODUCT_BUNDLE_IDENTIFIER = com.db1.Demo;
				PRODUCT_NAME = Demo;
				SWIFT_VERSION = 5.0;
				TARGETED_DEVICE_FAMILY = "1,2";
			};
			name = Development;
		};
		5180291E23E086B800AC0162 /* Development */ = {
			isa = XCBuildConfiguration;
			baseConfigurationReference = 5180291523E0866F00AC0162 /* Development.xcconfig */;
			buildSettings = {
				ALWAYS_EMBED_SWIFT_STANDARD_LIBRARIES = YES;
				BUNDLE_LOADER = "$(TEST_HOST)";
				CODE_SIGN_STYLE = Automatic;
				DEVELOPMENT_TEAM = EG955U3U64;
				INFOPLIST_FILE = DemoTests/Info.plist;
				IPHONEOS_DEPLOYMENT_TARGET = 13.2;
				LD_RUNPATH_SEARCH_PATHS = (
					"$(inherited)",
					"@executable_path/Frameworks",
					"@loader_path/Frameworks",
				);
				PRODUCT_BUNDLE_IDENTIFIER = com.db1.DemoTests;
				PRODUCT_NAME = "$(TARGET_NAME)";
				SWIFT_VERSION = 5.0;
				TARGETED_DEVICE_FAMILY = "1,2";
				TEST_HOST = "$(BUILT_PRODUCTS_DIR)/Demo.app/Demo";
			};
			name = Development;
		};
		5187230623D0B11100BE5E4D /* Debug */ = {
			isa = XCBuildConfiguration;
			baseConfigurationReference = 5180291723E0868100AC0162 /* Debug.xcconfig */;
			buildSettings = {
				ALWAYS_SEARCH_USER_PATHS = NO;
				CLANG_ANALYZER_NONNULL = YES;
				CLANG_ANALYZER_NUMBER_OBJECT_CONVERSION = YES_AGGRESSIVE;
				CLANG_CXX_LANGUAGE_STANDARD = "gnu++14";
				CLANG_CXX_LIBRARY = "libc++";
				CLANG_ENABLE_MODULES = YES;
				CLANG_ENABLE_OBJC_ARC = YES;
				CLANG_ENABLE_OBJC_WEAK = YES;
				CLANG_WARN_BLOCK_CAPTURE_AUTORELEASING = YES;
				CLANG_WARN_BOOL_CONVERSION = YES;
				CLANG_WARN_COMMA = YES;
				CLANG_WARN_CONSTANT_CONVERSION = YES;
				CLANG_WARN_DEPRECATED_OBJC_IMPLEMENTATIONS = YES;
				CLANG_WARN_DIRECT_OBJC_ISA_USAGE = YES_ERROR;
				CLANG_WARN_DOCUMENTATION_COMMENTS = YES;
				CLANG_WARN_EMPTY_BODY = YES;
				CLANG_WARN_ENUM_CONVERSION = YES;
				CLANG_WARN_INFINITE_RECURSION = YES;
				CLANG_WARN_INT_CONVERSION = YES;
				CLANG_WARN_NON_LITERAL_NULL_CONVERSION = YES;
				CLANG_WARN_OBJC_IMPLICIT_RETAIN_SELF = YES;
				CLANG_WARN_OBJC_LITERAL_CONVERSION = YES;
				CLANG_WARN_OBJC_ROOT_CLASS = YES_ERROR;
				CLANG_WARN_RANGE_LOOP_ANALYSIS = YES;
				CLANG_WARN_STRICT_PROTOTYPES = YES;
				CLANG_WARN_SUSPICIOUS_MOVE = YES;
				CLANG_WARN_UNGUARDED_AVAILABILITY = YES_AGGRESSIVE;
				CLANG_WARN_UNREACHABLE_CODE = YES;
				CLANG_WARN__DUPLICATE_METHOD_MATCH = YES;
				COPY_PHASE_STRIP = NO;
				DEBUG_INFORMATION_FORMAT = dwarf;
				ENABLE_STRICT_OBJC_MSGSEND = YES;
				ENABLE_TESTABILITY = YES;
				GCC_C_LANGUAGE_STANDARD = gnu11;
				GCC_DYNAMIC_NO_PIC = NO;
				GCC_NO_COMMON_BLOCKS = YES;
				GCC_OPTIMIZATION_LEVEL = 0;
				GCC_PREPROCESSOR_DEFINITIONS = (
					"DEBUG=1",
					"$(inherited)",
				);
				GCC_WARN_64_TO_32_BIT_CONVERSION = YES;
				GCC_WARN_ABOUT_RETURN_TYPE = YES_ERROR;
				GCC_WARN_UNDECLARED_SELECTOR = YES;
				GCC_WARN_UNINITIALIZED_AUTOS = YES_AGGRESSIVE;
				GCC_WARN_UNUSED_FUNCTION = YES;
				GCC_WARN_UNUSED_VARIABLE = YES;
				IPHONEOS_DEPLOYMENT_TARGET = 13.2;
				MTL_ENABLE_DEBUG_INFO = INCLUDE_SOURCE;
				MTL_FAST_MATH = YES;
				ONLY_ACTIVE_ARCH = YES;
				SDKROOT = iphoneos;
				SWIFT_ACTIVE_COMPILATION_CONDITIONS = DEBUG;
				SWIFT_OPTIMIZATION_LEVEL = "-Onone";
			};
			name = Debug;
		};
		5187230723D0B11100BE5E4D /* Release */ = {
			isa = XCBuildConfiguration;
			baseConfigurationReference = 5180291923E0868F00AC0162 /* Release.xcconfig */;
			buildSettings = {
				ALWAYS_SEARCH_USER_PATHS = NO;
				CLANG_ANALYZER_NONNULL = YES;
				CLANG_ANALYZER_NUMBER_OBJECT_CONVERSION = YES_AGGRESSIVE;
				CLANG_CXX_LANGUAGE_STANDARD = "gnu++14";
				CLANG_CXX_LIBRARY = "libc++";
				CLANG_ENABLE_MODULES = YES;
				CLANG_ENABLE_OBJC_ARC = YES;
				CLANG_ENABLE_OBJC_WEAK = YES;
				CLANG_WARN_BLOCK_CAPTURE_AUTORELEASING = YES;
				CLANG_WARN_BOOL_CONVERSION = YES;
				CLANG_WARN_COMMA = YES;
				CLANG_WARN_CONSTANT_CONVERSION = YES;
				CLANG_WARN_DEPRECATED_OBJC_IMPLEMENTATIONS = YES;
				CLANG_WARN_DIRECT_OBJC_ISA_USAGE = YES_ERROR;
				CLANG_WARN_DOCUMENTATION_COMMENTS = YES;
				CLANG_WARN_EMPTY_BODY = YES;
				CLANG_WARN_ENUM_CONVERSION = YES;
				CLANG_WARN_INFINITE_RECURSION = YES;
				CLANG_WARN_INT_CONVERSION = YES;
				CLANG_WARN_NON_LITERAL_NULL_CONVERSION = YES;
				CLANG_WARN_OBJC_IMPLICIT_RETAIN_SELF = YES;
				CLANG_WARN_OBJC_LITERAL_CONVERSION = YES;
				CLANG_WARN_OBJC_ROOT_CLASS = YES_ERROR;
				CLANG_WARN_RANGE_LOOP_ANALYSIS = YES;
				CLANG_WARN_STRICT_PROTOTYPES = YES;
				CLANG_WARN_SUSPICIOUS_MOVE = YES;
				CLANG_WARN_UNGUARDED_AVAILABILITY = YES_AGGRESSIVE;
				CLANG_WARN_UNREACHABLE_CODE = YES;
				CLANG_WARN__DUPLICATE_METHOD_MATCH = YES;
				COPY_PHASE_STRIP = NO;
				DEBUG_INFORMATION_FORMAT = "dwarf-with-dsym";
				ENABLE_NS_ASSERTIONS = NO;
				ENABLE_STRICT_OBJC_MSGSEND = YES;
				GCC_C_LANGUAGE_STANDARD = gnu11;
				GCC_NO_COMMON_BLOCKS = YES;
				GCC_WARN_64_TO_32_BIT_CONVERSION = YES;
				GCC_WARN_ABOUT_RETURN_TYPE = YES_ERROR;
				GCC_WARN_UNDECLARED_SELECTOR = YES;
				GCC_WARN_UNINITIALIZED_AUTOS = YES_AGGRESSIVE;
				GCC_WARN_UNUSED_FUNCTION = YES;
				GCC_WARN_UNUSED_VARIABLE = YES;
				IPHONEOS_DEPLOYMENT_TARGET = 13.2;
				MTL_ENABLE_DEBUG_INFO = NO;
				MTL_FAST_MATH = YES;
				SDKROOT = iphoneos;
				SWIFT_COMPILATION_MODE = wholemodule;
				SWIFT_OPTIMIZATION_LEVEL = "-O";
				VALIDATE_PRODUCT = YES;
			};
			name = Release;
		};
		5187230923D0B11100BE5E4D /* Debug */ = {
			isa = XCBuildConfiguration;
			baseConfigurationReference = 5180291723E0868100AC0162 /* Debug.xcconfig */;
			buildSettings = {
				ASSETCATALOG_COMPILER_APPICON_NAME = AppIcon;
				CODE_SIGN_STYLE = Automatic;
				DEVELOPMENT_TEAM = EG955U3U64;
				INFOPLIST_FILE = Demo/Info.plist;
				IPHONEOS_DEPLOYMENT_TARGET = 11.0;
				LD_RUNPATH_SEARCH_PATHS = (
					"$(inherited)",
					"@executable_path/Frameworks",
				);
				PRODUCT_BUNDLE_IDENTIFIER = com.db1.Demo;
				PRODUCT_NAME = Demo;
				SWIFT_VERSION = 5.0;
				TARGETED_DEVICE_FAMILY = "1,2";
			};
			name = Debug;
		};
		5187230A23D0B11100BE5E4D /* Release */ = {
			isa = XCBuildConfiguration;
			baseConfigurationReference = 5180291923E0868F00AC0162 /* Release.xcconfig */;
			buildSettings = {
				ASSETCATALOG_COMPILER_APPICON_NAME = AppIcon;
				CODE_SIGN_STYLE = Automatic;
				DEVELOPMENT_TEAM = EG955U3U64;
				INFOPLIST_FILE = Demo/Info.plist;
				IPHONEOS_DEPLOYMENT_TARGET = 11.0;
				LD_RUNPATH_SEARCH_PATHS = (
					"$(inherited)",
					"@executable_path/Frameworks",
				);
				PRODUCT_BUNDLE_IDENTIFIER = com.db1.Demo;
				PRODUCT_NAME = Demo;
				SWIFT_VERSION = 5.0;
				TARGETED_DEVICE_FAMILY = "1,2";
			};
			name = Release;
		};
		5187230C23D0B11100BE5E4D /* Debug */ = {
			isa = XCBuildConfiguration;
			baseConfigurationReference = 5180291723E0868100AC0162 /* Debug.xcconfig */;
			buildSettings = {
				ALWAYS_EMBED_SWIFT_STANDARD_LIBRARIES = YES;
				BUNDLE_LOADER = "$(TEST_HOST)";
				CODE_SIGN_STYLE = Automatic;
				DEVELOPMENT_TEAM = EG955U3U64;
				INFOPLIST_FILE = DemoTests/Info.plist;
				IPHONEOS_DEPLOYMENT_TARGET = 13.2;
				LD_RUNPATH_SEARCH_PATHS = (
					"$(inherited)",
					"@executable_path/Frameworks",
					"@loader_path/Frameworks",
				);
				PRODUCT_BUNDLE_IDENTIFIER = com.db1.DemoTests;
				PRODUCT_NAME = "$(TARGET_NAME)";
				SWIFT_VERSION = 5.0;
				TARGETED_DEVICE_FAMILY = "1,2";
				TEST_HOST = "$(BUILT_PRODUCTS_DIR)/Demo.app/Demo";
			};
			name = Debug;
		};
		5187230D23D0B11100BE5E4D /* Release */ = {
			isa = XCBuildConfiguration;
			baseConfigurationReference = 5180291923E0868F00AC0162 /* Release.xcconfig */;
			buildSettings = {
				ALWAYS_EMBED_SWIFT_STANDARD_LIBRARIES = YES;
				BUNDLE_LOADER = "$(TEST_HOST)";
				CODE_SIGN_STYLE = Automatic;
				DEVELOPMENT_TEAM = EG955U3U64;
				INFOPLIST_FILE = DemoTests/Info.plist;
				IPHONEOS_DEPLOYMENT_TARGET = 13.2;
				LD_RUNPATH_SEARCH_PATHS = (
					"$(inherited)",
					"@executable_path/Frameworks",
					"@loader_path/Frameworks",
				);
				PRODUCT_BUNDLE_IDENTIFIER = com.db1.DemoTests;
				PRODUCT_NAME = "$(TARGET_NAME)";
				SWIFT_VERSION = 5.0;
				TARGETED_DEVICE_FAMILY = "1,2";
				TEST_HOST = "$(BUILT_PRODUCTS_DIR)/Demo.app/Demo";
			};
			name = Release;
		};
/* End XCBuildConfiguration section */

/* Begin XCConfigurationList section */
		518722E423D0B11000BE5E4D /* Build configuration list for PBXProject "Demo" */ = {
			isa = XCConfigurationList;
			buildConfigurations = (
				5187230623D0B11100BE5E4D /* Debug */,
				5180291C23E086B800AC0162 /* Development */,
				5187230723D0B11100BE5E4D /* Release */,
			);
			defaultConfigurationIsVisible = 0;
			defaultConfigurationName = Release;
		};
		5187230823D0B11100BE5E4D /* Build configuration list for PBXNativeTarget "Demo" */ = {
			isa = XCConfigurationList;
			buildConfigurations = (
				5187230923D0B11100BE5E4D /* Debug */,
				5180291D23E086B800AC0162 /* Development */,
				5187230A23D0B11100BE5E4D /* Release */,
			);
			defaultConfigurationIsVisible = 0;
			defaultConfigurationName = Release;
		};
		5187230B23D0B11100BE5E4D /* Build configuration list for PBXNativeTarget "DemoTests" */ = {
			isa = XCConfigurationList;
			buildConfigurations = (
				5187230C23D0B11100BE5E4D /* Debug */,
				5180291E23E086B800AC0162 /* Development */,
				5187230D23D0B11100BE5E4D /* Release */,
			);
			defaultConfigurationIsVisible = 0;
			defaultConfigurationName = Release;
		};
/* End XCConfigurationList section */
	};
	rootObject = 518722E123D0B11000BE5E4D /* Project object */;
}
